
Microsoft Visual Studio Solution File, Format Version 12.00
# Visual Studio Version 17
VisualStudioVersion = 17.14.36221.1 d17.14
MinimumVisualStudioVersion = 10.0.40219.1
Project("{FAE04EC0-301F-11D3-BF4B-00C04F79EFBC}") = "MovieProject", "MovieProject\MovieProject.csproj", "{8C6B5C05-45C4-42DF-B5E4-925BB858CCAE}"
EndProject
Global
	GlobalSection(SolutionConfigurationPlatforms) = preSolution
		Debug|Any CPU = Debug|Any CPU
		Release|Any CPU = Release|Any CPU
	EndGlobalSection
	GlobalSection(ProjectConfigurationPlatforms) = postSolution
		{8C6B5C05-45C4-42DF-B5E4-925BB858CCAE}.Debug|Any CPU.ActiveCfg = Debug|Any CPU
		{8C6B5C05-45C4-42DF-B5E4-925BB858CCAE}.Debug|Any CPU.Build.0 = Debug|Any CPU
		{8C6B5C05-45C4-42DF-B5E4-925BB858CCAE}.Release|Any CPU.ActiveCfg = Release|Any CPU
		{8C6B5C05-45C4-42DF-B5E4-925BB858CCAE}.Release|Any CPU.Build.0 = Release|Any CPU
	EndGlobalSection
	GlobalSection(SolutionProperties) = preSolution
		HideSolutionNode = FALSE
	EndGlobalSection
	GlobalSection(ExtensibilityGlobals) = postSolution
		SolutionGuid = {74B717A7-2F2F-45C3-B566-33816ADA66F1}
	EndGlobalSection
EndGlobal
